
Microsoft Visual Studio Solution File, Format Version 12.00
# Visual Studio Version 17
VisualStudioVersion = 17.0.31912.275
MinimumVisualStudioVersion = 10.0.40219.1
Project("{FAE04EC0-301F-11D3-BF4B-00C04F79EFBC}") = "禁用指定程序", "禁用指定程序\禁用指定程序.csproj", "{8DC7CB79-6AF0-4EC1-AFB1-2B1D03D7E496}"
EndProject
Global
	GlobalSection(SolutionConfigurationPlatforms) = preSolution
		Debug|Any CPU = Debug|Any CPU
		Release|Any CPU = Release|Any CPU
	EndGlobalSection
	GlobalSection(ProjectConfigurationPlatforms) = postSolution
		{8DC7CB79-6AF0-4EC1-AFB1-2B1D03D7E496}.Debug|Any CPU.ActiveCfg = Debug|Any CPU
		{8DC7CB79-6AF0-4EC1-AFB1-2B1D03D7E496}.Debug|Any CPU.Build.0 = Debug|Any CPU
		{8DC7CB79-6AF0-4EC1-AFB1-2B1D03D7E496}.Release|Any CPU.ActiveCfg = Release|Any CPU
		{8DC7CB79-6AF0-4EC1-AFB1-2B1D03D7E496}.Release|Any CPU.Build.0 = Release|Any CPU
	EndGlobalSection
	GlobalSection(SolutionProperties) = preSolution
		HideSolutionNode = FALSE
	EndGlobalSection
	GlobalSection(ExtensibilityGlobals) = postSolution
		SolutionGuid = {7A758ADB-1B00-43F7-A567-D10A17D61F5A}
	EndGlobalSection
EndGlobal
