
Microsoft Visual Studio Solution File, Format Version 12.00
# Visual Studio Version 17
VisualStudioVersion = 17.0.31912.275
MinimumVisualStudioVersion = 10.0.40219.1
Project("{FAE04EC0-301F-11D3-BF4B-00C04F79EFBC}") = "文本加密解密", "文本加密解密\文本加密解密.csproj", "{5DFC0CF9-0913-4178-BB2A-77C2AC16CC12}"
EndProject
Global
	GlobalSection(SolutionConfigurationPlatforms) = preSolution
		Debug|Any CPU = Debug|Any CPU
		Release|Any CPU = Release|Any CPU
	EndGlobalSection
	GlobalSection(ProjectConfigurationPlatforms) = postSolution
		{5DFC0CF9-0913-4178-BB2A-77C2AC16CC12}.Debug|Any CPU.ActiveCfg = Debug|Any CPU
		{5DFC0CF9-0913-4178-BB2A-77C2AC16CC12}.Debug|Any CPU.Build.0 = Debug|Any CPU
		{5DFC0CF9-0913-4178-BB2A-77C2AC16CC12}.Release|Any CPU.ActiveCfg = Release|Any CPU
		{5DFC0CF9-0913-4178-BB2A-77C2AC16CC12}.Release|Any CPU.Build.0 = Release|Any CPU
	EndGlobalSection
	GlobalSection(SolutionProperties) = preSolution
		HideSolutionNode = FALSE
	EndGlobalSection
	GlobalSection(ExtensibilityGlobals) = postSolution
		SolutionGuid = {50425538-C216-46FC-B44E-C9AD0943A8B9}
	EndGlobalSection
EndGlobal
