
Microsoft Visual Studio Solution File, Format Version 12.00
# Visual Studio Version 16
VisualStudioVersion = 16.0.31702.278
MinimumVisualStudioVersion = 10.0.40219.1
Project("{FAE04EC0-301F-11D3-BF4B-00C04F79EFBC}") = "遍历文件", "遍历文件\遍历文件.csproj", "{A6A9D933-76FD-49B7-9EB3-04B1005A0AC0}"
EndProject
Global
	GlobalSection(SolutionConfigurationPlatforms) = preSolution
		Debug|Any CPU = Debug|Any CPU
		Release|Any CPU = Release|Any CPU
	EndGlobalSection
	GlobalSection(ProjectConfigurationPlatforms) = postSolution
		{A6A9D933-76FD-49B7-9EB3-04B1005A0AC0}.Debug|Any CPU.ActiveCfg = Debug|Any CPU
		{A6A9D933-76FD-49B7-9EB3-04B1005A0AC0}.Debug|Any CPU.Build.0 = Debug|Any CPU
		{A6A9D933-76FD-49B7-9EB3-04B1005A0AC0}.Release|Any CPU.ActiveCfg = Release|Any CPU
		{A6A9D933-76FD-49B7-9EB3-04B1005A0AC0}.Release|Any CPU.Build.0 = Release|Any CPU
	EndGlobalSection
	GlobalSection(SolutionProperties) = preSolution
		HideSolutionNode = FALSE
	EndGlobalSection
	GlobalSection(ExtensibilityGlobals) = postSolution
		SolutionGuid = {2EC91F06-D389-4411-A52A-C9C783D0FB07}
	EndGlobalSection
EndGlobal
