
Microsoft Visual Studio Solution File, Format Version 12.00
# Visual Studio Version 16
VisualStudioVersion = 16.0.31829.152
MinimumVisualStudioVersion = 10.0.40219.1
Project("{FAE04EC0-301F-11D3-BF4B-00C04F79EFBC}") = "文件读写", "文件读写\文件读写.csproj", "{FB13D9A8-10A3-48D4-A0A7-F0C075B3B86A}"
EndProject
Global
	GlobalSection(SolutionConfigurationPlatforms) = preSolution
		Debug|Any CPU = Debug|Any CPU
		Release|Any CPU = Release|Any CPU
	EndGlobalSection
	GlobalSection(ProjectConfigurationPlatforms) = postSolution
		{FB13D9A8-10A3-48D4-A0A7-F0C075B3B86A}.Debug|Any CPU.ActiveCfg = Debug|Any CPU
		{FB13D9A8-10A3-48D4-A0A7-F0C075B3B86A}.Debug|Any CPU.Build.0 = Debug|Any CPU
		{FB13D9A8-10A3-48D4-A0A7-F0C075B3B86A}.Release|Any CPU.ActiveCfg = Release|Any CPU
		{FB13D9A8-10A3-48D4-A0A7-F0C075B3B86A}.Release|Any CPU.Build.0 = Release|Any CPU
	EndGlobalSection
	GlobalSection(SolutionProperties) = preSolution
		HideSolutionNode = FALSE
	EndGlobalSection
	GlobalSection(ExtensibilityGlobals) = postSolution
		SolutionGuid = {22BE9E71-365F-4118-9287-0436A4C2128D}
	EndGlobalSection
EndGlobal
