
Microsoft Visual Studio Solution File, Format Version 12.00
# Visual Studio Version 16
VisualStudioVersion = 16.0.31702.278
MinimumVisualStudioVersion = 10.0.40219.1
Project("{FAE04EC0-301F-11D3-BF4B-00C04F79EFBC}") = "登录密码", "登录密码\登录密码.csproj", "{80FC709C-2F07-48B0-94C8-E9AEF8C6624E}"
EndProject
Global
	GlobalSection(SolutionConfigurationPlatforms) = preSolution
		Debug|Any CPU = Debug|Any CPU
		Release|Any CPU = Release|Any CPU
	EndGlobalSection
	GlobalSection(ProjectConfigurationPlatforms) = postSolution
		{80FC709C-2F07-48B0-94C8-E9AEF8C6624E}.Debug|Any CPU.ActiveCfg = Debug|Any CPU
		{80FC709C-2F07-48B0-94C8-E9AEF8C6624E}.Debug|Any CPU.Build.0 = Debug|Any CPU
		{80FC709C-2F07-48B0-94C8-E9AEF8C6624E}.Release|Any CPU.ActiveCfg = Release|Any CPU
		{80FC709C-2F07-48B0-94C8-E9AEF8C6624E}.Release|Any CPU.Build.0 = Release|Any CPU
	EndGlobalSection
	GlobalSection(SolutionProperties) = preSolution
		HideSolutionNode = FALSE
	EndGlobalSection
	GlobalSection(ExtensibilityGlobals) = postSolution
		SolutionGuid = {21CA097B-83B5-4008-BD29-C886E0087AE4}
	EndGlobalSection
EndGlobal
